
Microsoft Visual Studio Solution File, Format Version 12.00
# Visual Studio 15
VisualStudioVersion = 15.0.28010.2016
MinimumVisualStudioVersion = 10.0.40219.1
Project("{FAE04EC0-301F-11D3-BF4B-00C04F79EFBC}") = "SpotifySDK", "SpotifySDK\SpotifySDK.csproj", "{BCE64BAC-8DB6-4C75-9096-0FD089E8E0E1}"
EndProject
Global
	GlobalSection(SolutionConfigurationPlatforms) = preSolution
		Debug|Any CPU = Debug|Any CPU
		Release|Any CPU = Release|Any CPU
	EndGlobalSection
	GlobalSection(ProjectConfigurationPlatforms) = postSolution
		{BCE64BAC-8DB6-4C75-9096-0FD089E8E0E1}.Debug|Any CPU.ActiveCfg = Debug|Any CPU
		{BCE64BAC-8DB6-4C75-9096-0FD089E8E0E1}.Debug|Any CPU.Build.0 = Debug|Any CPU
		{BCE64BAC-8DB6-4C75-9096-0FD089E8E0E1}.Release|Any CPU.ActiveCfg = Release|Any CPU
		{BCE64BAC-8DB6-4C75-9096-0FD089E8E0E1}.Release|Any CPU.Build.0 = Release|Any CPU
	EndGlobalSection
	GlobalSection(SolutionProperties) = preSolution
		HideSolutionNode = FALSE
	EndGlobalSection
	GlobalSection(ExtensibilityGlobals) = postSolution
		SolutionGuid = {6B32385B-F359-460B-BA2F-7EC548488507}
	EndGlobalSection
EndGlobal
